
Microsoft Visual Studio Solution File, Format Version 12.00
# Visual Studio Version 16
VisualStudioVersion = 16.0.31515.178
MinimumVisualStudioVersion = 10.0.40219.1
Project("{FAE04EC0-301F-11D3-BF4B-00C04F79EFBC}") = "TodoApi", "TodoApi\TodoApi.csproj", "{C94E129D-84A9-4190-BC30-B7A9BD8D4CDC}"
EndProject
Global
	GlobalSection(SolutionConfigurationPlatforms) = preSolution
		Debug|Any CPU = Debug|Any CPU
		Release|Any CPU = Release|Any CPU
	EndGlobalSection
	GlobalSection(ProjectConfigurationPlatforms) = postSolution
		{C94E129D-84A9-4190-BC30-B7A9BD8D4CDC}.Debug|Any CPU.ActiveCfg = Debug|Any CPU
		{C94E129D-84A9-4190-BC30-B7A9BD8D4CDC}.Debug|Any CPU.Build.0 = Debug|Any CPU
		{C94E129D-84A9-4190-BC30-B7A9BD8D4CDC}.Release|Any CPU.ActiveCfg = Release|Any CPU
		{C94E129D-84A9-4190-BC30-B7A9BD8D4CDC}.Release|Any CPU.Build.0 = Release|Any CPU
	EndGlobalSection
	GlobalSection(SolutionProperties) = preSolution
		HideSolutionNode = FALSE
	EndGlobalSection
	GlobalSection(ExtensibilityGlobals) = postSolution
		SolutionGuid = {2E68440A-32D3-4DB9-8980-FF286B883391}
	EndGlobalSection
EndGlobal
